
Microsoft Visual Studio Solution File, Format Version 12.00
# Visual Studio 14
VisualStudioVersion = 14.0.25420.1
MinimumVisualStudioVersion = 10.0.40219.1
Project("{FAE04EC0-301F-11D3-BF4B-00C04F79EFBC}") = "NumericalMethods", "NumericalMethods\NumericalMethods.csproj", "{AEFE8712-5A7F-4E28-BBFC-9FE5EF1C5954}"
EndProject
Project("{FAE04EC0-301F-11D3-BF4B-00C04F79EFBC}") = "NumMethodsConsole", "NumMethodsConsole\NumMethodsConsole.csproj", "{38050DCB-7EF6-446F-AD20-1205476D89E1}"
EndProject
Project("{FAE04EC0-301F-11D3-BF4B-00C04F79EFBC}") = "NumericalMethodsLibrary", "NumericalMethodsLibrary\NumericalMethodsLibrary.csproj", "{53E6B92B-44D7-48B4-92F6-EC7F309185F7}"
EndProject
Global
	GlobalSection(SolutionConfigurationPlatforms) = preSolution
		Debug|Any CPU = Debug|Any CPU
		Release|Any CPU = Release|Any CPU
	EndGlobalSection
	GlobalSection(ProjectConfigurationPlatforms) = postSolution
		{AEFE8712-5A7F-4E28-BBFC-9FE5EF1C5954}.Debug|Any CPU.ActiveCfg = Debug|Any CPU
		{AEFE8712-5A7F-4E28-BBFC-9FE5EF1C5954}.Debug|Any CPU.Build.0 = Debug|Any CPU
		{AEFE8712-5A7F-4E28-BBFC-9FE5EF1C5954}.Release|Any CPU.ActiveCfg = Release|Any CPU
		{AEFE8712-5A7F-4E28-BBFC-9FE5EF1C5954}.Release|Any CPU.Build.0 = Release|Any CPU
		{38050DCB-7EF6-446F-AD20-1205476D89E1}.Debug|Any CPU.ActiveCfg = Debug|Any CPU
		{38050DCB-7EF6-446F-AD20-1205476D89E1}.Debug|Any CPU.Build.0 = Debug|Any CPU
		{38050DCB-7EF6-446F-AD20-1205476D89E1}.Release|Any CPU.ActiveCfg = Release|Any CPU
		{38050DCB-7EF6-446F-AD20-1205476D89E1}.Release|Any CPU.Build.0 = Release|Any CPU
		{53E6B92B-44D7-48B4-92F6-EC7F309185F7}.Debug|Any CPU.ActiveCfg = Debug|Any CPU
		{53E6B92B-44D7-48B4-92F6-EC7F309185F7}.Debug|Any CPU.Build.0 = Debug|Any CPU
		{53E6B92B-44D7-48B4-92F6-EC7F309185F7}.Release|Any CPU.ActiveCfg = Release|Any CPU
		{53E6B92B-44D7-48B4-92F6-EC7F309185F7}.Release|Any CPU.Build.0 = Release|Any CPU
	EndGlobalSection
	GlobalSection(SolutionProperties) = preSolution
		HideSolutionNode = FALSE
	EndGlobalSection
EndGlobal
